
Microsoft Visual Studio Solution File, Format Version 12.00
# Visual Studio Version 17
VisualStudioVersion = 17.4.33213.308
MinimumVisualStudioVersion = 10.0.40219.1
Project("{8BC9CEB8-8B4A-11D0-8D11-00A0C91BC942}") = "1000", "1000\1000.vcxproj", "{809F2C9B-B9D6-4F37-8111-559041E54F2C}"
EndProject
Project("{8BC9CEB8-8B4A-11D0-8D11-00A0C91BC942}") = "2557", "2557\2557.vcxproj", "{4D5FC5EB-70C4-49BB-BC44-5643D156F944}"
EndProject
Project("{8BC9CEB8-8B4A-11D0-8D11-00A0C91BC942}") = "2558", "2558\2558.vcxproj", "{ADDAA3E2-7AD4-4850-8DF0-0944BE47D593}"
EndProject
Project("{8BC9CEB8-8B4A-11D0-8D11-00A0C91BC942}") = "10950", "10950\10950.vcxproj", "{A188E2E3-C4C6-449E-8884-DD5099BF38F7}"
EndProject
Project("{8BC9CEB8-8B4A-11D0-8D11-00A0C91BC942}") = "10951", "10951\10951.vcxproj", "{F028CAFD-2EF4-4084-9F82-BC7F5DE2C400}"
EndProject
Project("{8BC9CEB8-8B4A-11D0-8D11-00A0C91BC942}") = "10952", "10952\10952.vcxproj", "{3B4E6042-6680-43AB-BB48-670C0504CA46}"
EndProject
Project("{8BC9CEB8-8B4A-11D0-8D11-00A0C91BC942}") = "10953", "10953\10953.vcxproj", "{97C1DD22-2F4D-4EAB-96A3-BAC282AC8509}"
EndProject
Project("{8BC9CEB8-8B4A-11D0-8D11-00A0C91BC942}") = "11021", "11021\11021.vcxproj", "{E8BDF254-777B-45AC-992B-51128F367D36}"
EndProject
Project("{8BC9CEB8-8B4A-11D0-8D11-00A0C91BC942}") = "11022", "11022\11022.vcxproj", "{FA558E99-84B2-4AA1-8160-0BC2A93D17A5}"
EndProject
Project("{8BC9CEB8-8B4A-11D0-8D11-00A0C91BC942}") = "11718", "11718\11718.vcxproj", "{53B42547-E63B-49C7-894B-20EB857A0C09}"
EndProject
Project("{8BC9CEB8-8B4A-11D0-8D11-00A0C91BC942}") = "11719", "11719\11719.vcxproj", "{074F5BB1-CB01-4B0E-BE57-468505F080E4}"
EndProject
Project("{8BC9CEB8-8B4A-11D0-8D11-00A0C91BC942}") = "11720", "11720\11720.vcxproj", "{8F7EBCB4-561E-45B7-A057-28A7A4E21DAE}"
EndProject
Project("{8BC9CEB8-8B4A-11D0-8D11-00A0C91BC942}") = "11721", "11721\11721.vcxproj", "{245A11DD-B725-401C-BAFA-77885E622611}"
EndProject
Project("{8BC9CEB8-8B4A-11D0-8D11-00A0C91BC942}") = "2741", "2741\2741.vcxproj", "{B12A3339-4C9E-4254-A2FF-19C47AF70742}"
EndProject
Project("{8BC9CEB8-8B4A-11D0-8D11-00A0C91BC942}") = "2742", "2742\2742.vcxproj", "{5C4ACA2B-3B1B-467E-BD9C-B3350DEB00B8}"
EndProject
Project("{8BC9CEB8-8B4A-11D0-8D11-00A0C91BC942}") = "2739", "2739\2739.vcxproj", "{64F50D9D-1528-43AA-9E49-AEC8D1DBCF4A}"
EndProject
Project("{8BC9CEB8-8B4A-11D0-8D11-00A0C91BC942}") = "1924", "1924\1924.vcxproj", "{C211E93E-1F28-4A5E-B91C-96469C0A8B42}"
EndProject
Project("{8BC9CEB8-8B4A-11D0-8D11-00A0C91BC942}") = "8393", "8393\8393.vcxproj", "{4D184FFC-8EEE-4F09-B070-25BA4F76A9D1}"
EndProject
Project("{8BC9CEB8-8B4A-11D0-8D11-00A0C91BC942}") = "10818", "10818\10818.vcxproj", "{4B62015B-6749-425B-ADFE-6CE7FCB9E8BE}"
EndProject
Project("{8BC9CEB8-8B4A-11D0-8D11-00A0C91BC942}") = "2438", "2438\2438.vcxproj", "{0FD822CF-FA9F-4C86-B5D5-E5000ACA211F}"
EndProject
Project("{8BC9CEB8-8B4A-11D0-8D11-00A0C91BC942}") = "2439", "2439\2439.vcxproj", "{2FD2F158-C6AC-400D-B7C4-408B3303AD7C}"
EndProject
Project("{8BC9CEB8-8B4A-11D0-8D11-00A0C91BC942}") = "2440", "2440\2440.vcxproj", "{E74D4298-460E-4111-9BC9-368F15F24276}"
EndProject
Project("{8BC9CEB8-8B4A-11D0-8D11-00A0C91BC942}") = "2441", "2441\2441.vcxproj", "{A99D0024-4497-4CDB-811E-7430DC9821C6}"
EndProject
Project("{8BC9CEB8-8B4A-11D0-8D11-00A0C91BC942}") = "2442", "2442\2442.vcxproj", "{A053CEDB-6941-4F41-8C57-7528D0D23973}"
EndProject
Project("{8BC9CEB8-8B4A-11D0-8D11-00A0C91BC942}") = "2445", "2445\2445.vcxproj", "{36484B87-5596-47F4-80ED-39389B20F7D4}"
EndProject
Project("{8BC9CEB8-8B4A-11D0-8D11-00A0C91BC942}") = "2522", "2522\2522.vcxproj", "{DF196F44-48A8-490B-9859-94F550A554E2}"
EndProject
Project("{8BC9CEB8-8B4A-11D0-8D11-00A0C91BC942}") = "2446", "2446\2446.vcxproj", "{0D1FF7FE-C8EF-440C-84AE-0A96D48184B4}"
EndProject
Project("{8BC9CEB8-8B4A-11D0-8D11-00A0C91BC942}") = "10991", "10991\10991.vcxproj", "{36FC9C63-8C75-4CCB-8375-77F54A75637A}"
EndProject
Project("{8BC9CEB8-8B4A-11D0-8D11-00A0C91BC942}") = "10992", "10992\10992.vcxproj", "{52A7FD0D-F195-44AA-B8FF-2A5F6534FC24}"
EndProject
Project("{8BC9CEB8-8B4A-11D0-8D11-00A0C91BC942}") = "1436", "1436\1436.vcxproj", "{D6BAB8A7-F377-40F6-8026-A844CB7FC5C2}"
EndProject
Project("{8BC9CEB8-8B4A-11D0-8D11-00A0C91BC942}") = "11726", "11726\11726.vcxproj", "{8C2F09D9-C436-42B9-812C-11F7BF5B7680}"
EndProject
Project("{8BC9CEB8-8B4A-11D0-8D11-00A0C91BC942}") = "11727", "11727\11727.vcxproj", "{70C6D618-A261-457B-882C-7941509702E1}"
EndProject
Project("{8BC9CEB8-8B4A-11D0-8D11-00A0C91BC942}") = "9095", "9095\9095.vcxproj", "{B41A940D-2038-433B-BFF0-970C0FBBCC88}"
EndProject
Project("{8BC9CEB8-8B4A-11D0-8D11-00A0C91BC942}") = "10844", "10844\10844.vcxproj", "{5E3C02A1-B354-440B-B2E0-A8AE2A3F75D8}"
EndProject
Project("{8BC9CEB8-8B4A-11D0-8D11-00A0C91BC942}") = "11075", "11075\11075.vcxproj", "{AC756887-7AF9-4826-98A2-C340474BD890}"
EndProject
Project("{8BC9CEB8-8B4A-11D0-8D11-00A0C91BC942}") = "Test", "Test\Test.vcxproj", "{F3A9CB2A-AEC4-4323-8444-A34FD9856CD6}"
EndProject
Project("{8BC9CEB8-8B4A-11D0-8D11-00A0C91BC942}") = "10869", "10869\10869.vcxproj", "{295E8817-9F84-455D-A6AC-C423B4FBE6C0}"
EndProject
Project("{8BC9CEB8-8B4A-11D0-8D11-00A0C91BC942}") = "10926", "10926\10926.vcxproj", "{AC3D792B-AA52-4FF1-BE28-AEA8DCED8A31}"
EndProject
Project("{8BC9CEB8-8B4A-11D0-8D11-00A0C91BC942}") = "18108", "18108\18108.vcxproj", "{86F32DF2-EA83-49B4-8077-BC5A6F6AE0EE}"
EndProject
Project("{8BC9CEB8-8B4A-11D0-8D11-00A0C91BC942}") = "10430", "10430\10430.vcxproj", "{6B651339-8020-4707-A4A6-8D0DD961EB69}"
EndProject
Project("{8BC9CEB8-8B4A-11D0-8D11-00A0C91BC942}") = "2588", "2588\2588.vcxproj", "{E42BF080-91D8-4953-B329-6C66FA2EDCCB}"
EndProject
Project("{8BC9CEB8-8B4A-11D0-8D11-00A0C91BC942}") = "11382", "11382\11382.vcxproj", "{0591B5F0-CB90-404C-92EA-CC91A9E23183}"
EndProject
Project("{8BC9CEB8-8B4A-11D0-8D11-00A0C91BC942}") = "10171", "10171\10171.vcxproj", "{B86653EC-AE72-4623-A5CD-C2BDF40DF1E4}"
EndProject
Project("{8BC9CEB8-8B4A-11D0-8D11-00A0C91BC942}") = "10172", "10172\10172.vcxproj", "{DCDD90E2-DA88-4628-83DF-02775DE4F9AE}"
EndProject
Project("{8BC9CEB8-8B4A-11D0-8D11-00A0C91BC942}") = "1330", "1330\1330.vcxproj", "{C9771479-A7E3-43F0-AC00-D4F2FA8FD8B1}"
EndProject
Project("{8BC9CEB8-8B4A-11D0-8D11-00A0C91BC942}") = "9498", "9498\9498.vcxproj", "{3385EF7C-5AD2-4BAA-8BA5-187C8DB2281B}"
EndProject
Project("{8BC9CEB8-8B4A-11D0-8D11-00A0C91BC942}") = "2753", "2753\2753.vcxproj", "{0F30E14E-71C8-49AF-B844-ECA7F0084709}"
EndProject
Project("{8BC9CEB8-8B4A-11D0-8D11-00A0C91BC942}") = "14681", "14681\14681.vcxproj", "{FC5FF851-1B8E-4CD3-A4EB-E080C24E7CE5}"
EndProject
Project("{8BC9CEB8-8B4A-11D0-8D11-00A0C91BC942}") = "2884", "2884\2884.vcxproj", "{86C63EFD-C747-45A8-8AB8-0466A145FEF9}"
EndProject
Project("{8BC9CEB8-8B4A-11D0-8D11-00A0C91BC942}") = "2525", "2525\2525.vcxproj", "{503315E7-C2DA-4310-8993-4BC0B73752AC}"
EndProject
Project("{8BC9CEB8-8B4A-11D0-8D11-00A0C91BC942}") = "2480", "2480\2480.vcxproj", "{F39D9F99-30FC-4EDA-97F7-45565D23FB24}"
EndProject
Project("{8BC9CEB8-8B4A-11D0-8D11-00A0C91BC942}") = "25304", "25304\25304.vcxproj", "{04956588-6EF6-4181-BFF4-F5FC2ADF5B96}"
EndProject
Project("{8BC9CEB8-8B4A-11D0-8D11-00A0C91BC942}") = "25314", "25314\25314.vcxproj", "{71CDB697-4952-4195-A6DF-912072E5EAC1}"
EndProject
Project("{8BC9CEB8-8B4A-11D0-8D11-00A0C91BC942}") = "15552", "15552\15552.vcxproj", "{7D2D08B8-83ED-4F20-BC3C-13CD3FE00895}"
EndProject
Project("{8BC9CEB8-8B4A-11D0-8D11-00A0C91BC942}") = "10807", "10807\10807.vcxproj", "{3E23A46D-4339-4D38-82AB-FB25C000BF85}"
EndProject
Project("{8BC9CEB8-8B4A-11D0-8D11-00A0C91BC942}") = "10871", "10871\10871.vcxproj", "{ED963607-863E-423E-9D8C-9A62F029DA3B}"
EndProject
Project("{8BC9CEB8-8B4A-11D0-8D11-00A0C91BC942}") = "2562", "2562\2562.vcxproj", "{30F4532F-4CEA-4542-AF87-C70A4D1D5B9A}"
EndProject
Global
	GlobalSection(SolutionConfigurationPlatforms) = preSolution
		Debug|x64 = Debug|x64
		Debug|x86 = Debug|x86
		Release|x64 = Release|x64
		Release|x86 = Release|x86
	EndGlobalSection
	GlobalSection(ProjectConfigurationPlatforms) = postSolution
		{809F2C9B-B9D6-4F37-8111-559041E54F2C}.Debug|x64.ActiveCfg = Debug|x64
		{809F2C9B-B9D6-4F37-8111-559041E54F2C}.Debug|x64.Build.0 = Debug|x64
		{809F2C9B-B9D6-4F37-8111-559041E54F2C}.Debug|x86.ActiveCfg = Debug|Win32
		{809F2C9B-B9D6-4F37-8111-559041E54F2C}.Debug|x86.Build.0 = Debug|Win32
		{809F2C9B-B9D6-4F37-8111-559041E54F2C}.Release|x64.ActiveCfg = Release|x64
		{809F2C9B-B9D6-4F37-8111-559041E54F2C}.Release|x64.Build.0 = Release|x64
		{809F2C9B-B9D6-4F37-8111-559041E54F2C}.Release|x86.ActiveCfg = Release|Win32
		{809F2C9B-B9D6-4F37-8111-559041E54F2C}.Release|x86.Build.0 = Release|Win32
		{4D5FC5EB-70C4-49BB-BC44-5643D156F944}.Debug|x64.ActiveCfg = Debug|x64
		{4D5FC5EB-70C4-49BB-BC44-5643D156F944}.Debug|x64.Build.0 = Debug|x64
		{4D5FC5EB-70C4-49BB-BC44-5643D156F944}.Debug|x86.ActiveCfg = Debug|Win32
		{4D5FC5EB-70C4-49BB-BC44-5643D156F944}.Debug|x86.Build.0 = Debug|Win32
		{4D5FC5EB-70C4-49BB-BC44-5643D156F944}.Release|x64.ActiveCfg = Release|x64
		{4D5FC5EB-70C4-49BB-BC44-5643D156F944}.Release|x64.Build.0 = Release|x64
		{4D5FC5EB-70C4-49BB-BC44-5643D156F944}.Release|x86.ActiveCfg = Release|Win32
		{4D5FC5EB-70C4-49BB-BC44-5643D156F944}.Release|x86.Build.0 = Release|Win32
		{ADDAA3E2-7AD4-4850-8DF0-0944BE47D593}.Debug|x64.ActiveCfg = Debug|x64
		{ADDAA3E2-7AD4-4850-8DF0-0944BE47D593}.Debug|x64.Build.0 = Debug|x64
		{ADDAA3E2-7AD4-4850-8DF0-0944BE47D593}.Debug|x86.ActiveCfg = Debug|Win32
		{ADDAA3E2-7AD4-4850-8DF0-0944BE47D593}.Debug|x86.Build.0 = Debug|Win32
		{ADDAA3E2-7AD4-4850-8DF0-0944BE47D593}.Release|x64.ActiveCfg = Release|x64
		{ADDAA3E2-7AD4-4850-8DF0-0944BE47D593}.Release|x64.Build.0 = Release|x64
		{ADDAA3E2-7AD4-4850-8DF0-0944BE47D593}.Release|x86.ActiveCfg = Release|Win32
		{ADDAA3E2-7AD4-4850-8DF0-0944BE47D593}.Release|x86.Build.0 = Release|Win32
		{A188E2E3-C4C6-449E-8884-DD5099BF38F7}.Debug|x64.ActiveCfg = Debug|x64
		{A188E2E3-C4C6-449E-8884-DD5099BF38F7}.Debug|x64.Build.0 = Debug|x64
		{A188E2E3-C4C6-449E-8884-DD5099BF38F7}.Debug|x86.ActiveCfg = Debug|Win32
		{A188E2E3-C4C6-449E-8884-DD5099BF38F7}.Debug|x86.Build.0 = Debug|Win32
		{A188E2E3-C4C6-449E-8884-DD5099BF38F7}.Release|x64.ActiveCfg = Release|x64
		{A188E2E3-C4C6-449E-8884-DD5099BF38F7}.Release|x64.Build.0 = Release|x64
		{A188E2E3-C4C6-449E-8884-DD5099BF38F7}.Release|x86.ActiveCfg = Release|Win32
		{A188E2E3-C4C6-449E-8884-DD5099BF38F7}.Release|x86.Build.0 = Release|Win32
		{F028CAFD-2EF4-4084-9F82-BC7F5DE2C400}.Debug|x64.ActiveCfg = Debug|x64
		{F028CAFD-2EF4-4084-9F82-BC7F5DE2C400}.Debug|x64.Build.0 = Debug|x64
		{F028CAFD-2EF4-4084-9F82-BC7F5DE2C400}.Debug|x86.ActiveCfg = Debug|Win32
		{F028CAFD-2EF4-4084-9F82-BC7F5DE2C400}.Debug|x86.Build.0 = Debug|Win32
		{F028CAFD-2EF4-4084-9F82-BC7F5DE2C400}.Release|x64.ActiveCfg = Release|x64
		{F028CAFD-2EF4-4084-9F82-BC7F5DE2C400}.Release|x64.Build.0 = Release|x64
		{F028CAFD-2EF4-4084-9F82-BC7F5DE2C400}.Release|x86.ActiveCfg = Release|Win32
		{F028CAFD-2EF4-4084-9F82-BC7F5DE2C400}.Release|x86.Build.0 = Release|Win32
		{3B4E6042-6680-43AB-BB48-670C0504CA46}.Debug|x64.ActiveCfg = Debug|x64
		{3B4E6042-6680-43AB-BB48-670C0504CA46}.Debug|x64.Build.0 = Debug|x64
		{3B4E6042-6680-43AB-BB48-670C0504CA46}.Debug|x86.ActiveCfg = Debug|Win32
		{3B4E6042-6680-43AB-BB48-670C0504CA46}.Debug|x86.Build.0 = Debug|Win32
		{3B4E6042-6680-43AB-BB48-670C0504CA46}.Release|x64.ActiveCfg = Release|x64
		{3B4E6042-6680-43AB-BB48-670C0504CA46}.Release|x64.Build.0 = Release|x64
		{3B4E6042-6680-43AB-BB48-670C0504CA46}.Release|x86.ActiveCfg = Release|Win32
		{3B4E6042-6680-43AB-BB48-670C0504CA46}.Release|x86.Build.0 = Release|Win32
		{97C1DD22-2F4D-4EAB-96A3-BAC282AC8509}.Debug|x64.ActiveCfg = Debug|x64
		{97C1DD22-2F4D-4EAB-96A3-BAC282AC8509}.Debug|x64.Build.0 = Debug|x64
		{97C1DD22-2F4D-4EAB-96A3-BAC282AC8509}.Debug|x86.ActiveCfg = Debug|Win32
		{97C1DD22-2F4D-4EAB-96A3-BAC282AC8509}.Debug|x86.Build.0 = Debug|Win32
		{97C1DD22-2F4D-4EAB-96A3-BAC282AC8509}.Release|x64.ActiveCfg = Release|x64
		{97C1DD22-2F4D-4EAB-96A3-BAC282AC8509}.Release|x64.Build.0 = Release|x64
		{97C1DD22-2F4D-4EAB-96A3-BAC282AC8509}.Release|x86.ActiveCfg = Release|Win32
		{97C1DD22-2F4D-4EAB-96A3-BAC282AC8509}.Release|x86.Build.0 = Release|Win32
		{E8BDF254-777B-45AC-992B-51128F367D36}.Debug|x64.ActiveCfg = Debug|x64
		{E8BDF254-777B-45AC-992B-51128F367D36}.Debug|x64.Build.0 = Debug|x64
		{E8BDF254-777B-45AC-992B-51128F367D36}.Debug|x86.ActiveCfg = Debug|Win32
		{E8BDF254-777B-45AC-992B-51128F367D36}.Debug|x86.Build.0 = Debug|Win32
		{E8BDF254-777B-45AC-992B-51128F367D36}.Release|x64.ActiveCfg = Release|x64
		{E8BDF254-777B-45AC-992B-51128F367D36}.Release|x64.Build.0 = Release|x64
		{E8BDF254-777B-45AC-992B-51128F367D36}.Release|x86.ActiveCfg = Release|Win32
		{E8BDF254-777B-45AC-992B-51128F367D36}.Release|x86.Build.0 = Release|Win32
		{FA558E99-84B2-4AA1-8160-0BC2A93D17A5}.Debug|x64.ActiveCfg = Debug|x64
		{FA558E99-84B2-4AA1-8160-0BC2A93D17A5}.Debug|x64.Build.0 = Debug|x64
		{FA558E99-84B2-4AA1-8160-0BC2A93D17A5}.Debug|x86.ActiveCfg = Debug|Win32
		{FA558E99-84B2-4AA1-8160-0BC2A93D17A5}.Debug|x86.Build.0 = Debug|Win32
		{FA558E99-84B2-4AA1-8160-0BC2A93D17A5}.Release|x64.ActiveCfg = Release|x64
		{FA558E99-84B2-4AA1-8160-0BC2A93D17A5}.Release|x64.Build.0 = Release|x64
		{FA558E99-84B2-4AA1-8160-0BC2A93D17A5}.Release|x86.ActiveCfg = Release|Win32
		{FA558E99-84B2-4AA1-8160-0BC2A93D17A5}.Release|x86.Build.0 = Release|Win32
		{53B42547-E63B-49C7-894B-20EB857A0C09}.Debug|x64.ActiveCfg = Debug|x64
		{53B42547-E63B-49C7-894B-20EB857A0C09}.Debug|x64.Build.0 = Debug|x64
		{53B42547-E63B-49C7-894B-20EB857A0C09}.Debug|x86.ActiveCfg = Debug|Win32
		{53B42547-E63B-49C7-894B-20EB857A0C09}.Debug|x86.Build.0 = Debug|Win32
		{53B42547-E63B-49C7-894B-20EB857A0C09}.Release|x64.ActiveCfg = Release|x64
		{53B42547-E63B-49C7-894B-20EB857A0C09}.Release|x64.Build.0 = Release|x64
		{53B42547-E63B-49C7-894B-20EB857A0C09}.Release|x86.ActiveCfg = Release|Win32
		{53B42547-E63B-49C7-894B-20EB857A0C09}.Release|x86.Build.0 = Release|Win32
		{074F5BB1-CB01-4B0E-BE57-468505F080E4}.Debug|x64.ActiveCfg = Debug|x64
		{074F5BB1-CB01-4B0E-BE57-468505F080E4}.Debug|x64.Build.0 = Debug|x64
		{074F5BB1-CB01-4B0E-BE57-468505F080E4}.Debug|x86.ActiveCfg = Debug|Win32
		{074F5BB1-CB01-4B0E-BE57-468505F080E4}.Debug|x86.Build.0 = Debug|Win32
		{074F5BB1-CB01-4B0E-BE57-468505F080E4}.Release|x64.ActiveCfg = Release|x64
		{074F5BB1-CB01-4B0E-BE57-468505F080E4}.Release|x64.Build.0 = Release|x64
		{074F5BB1-CB01-4B0E-BE57-468505F080E4}.Release|x86.ActiveCfg = Release|Win32
		{074F5BB1-CB01-4B0E-BE57-468505F080E4}.Release|x86.Build.0 = Release|Win32
		{8F7EBCB4-561E-45B7-A057-28A7A4E21DAE}.Debug|x64.ActiveCfg = Debug|x64
		{8F7EBCB4-561E-45B7-A057-28A7A4E21DAE}.Debug|x64.Build.0 = Debug|x64
		{8F7EBCB4-561E-45B7-A057-28A7A4E21DAE}.Debug|x86.ActiveCfg = Debug|Win32
		{8F7EBCB4-561E-45B7-A057-28A7A4E21DAE}.Debug|x86.Build.0 = Debug|Win32
		{8F7EBCB4-561E-45B7-A057-28A7A4E21DAE}.Release|x64.ActiveCfg = Release|x64
		{8F7EBCB4-561E-45B7-A057-28A7A4E21DAE}.Release|x64.Build.0 = Release|x64
		{8F7EBCB4-561E-45B7-A057-28A7A4E21DAE}.Release|x86.ActiveCfg = Release|Win32
		{8F7EBCB4-561E-45B7-A057-28A7A4E21DAE}.Release|x86.Build.0 = Release|Win32
		{245A11DD-B725-401C-BAFA-77885E622611}.Debug|x64.ActiveCfg = Debug|x64
		{245A11DD-B725-401C-BAFA-77885E622611}.Debug|x64.Build.0 = Debug|x64
		{245A11DD-B725-401C-BAFA-77885E622611}.Debug|x86.ActiveCfg = Debug|Win32
		{245A11DD-B725-401C-BAFA-77885E622611}.Debug|x86.Build.0 = Debug|Win32
		{245A11DD-B725-401C-BAFA-77885E622611}.Release|x64.ActiveCfg = Release|x64
		{245A11DD-B725-401C-BAFA-77885E622611}.Release|x64.Build.0 = Release|x64
		{245A11DD-B725-401C-BAFA-77885E622611}.Release|x86.ActiveCfg = Release|Win32
		{245A11DD-B725-401C-BAFA-77885E622611}.Release|x86.Build.0 = Release|Win32
		{B12A3339-4C9E-4254-A2FF-19C47AF70742}.Debug|x64.ActiveCfg = Debug|x64
		{B12A3339-4C9E-4254-A2FF-19C47AF70742}.Debug|x64.Build.0 = Debug|x64
		{B12A3339-4C9E-4254-A2FF-19C47AF70742}.Debug|x86.ActiveCfg = Debug|Win32
		{B12A3339-4C9E-4254-A2FF-19C47AF70742}.Debug|x86.Build.0 = Debug|Win32
		{B12A3339-4C9E-4254-A2FF-19C47AF70742}.Release|x64.ActiveCfg = Release|x64
		{B12A3339-4C9E-4254-A2FF-19C47AF70742}.Release|x64.Build.0 = Release|x64
		{B12A3339-4C9E-4254-A2FF-19C47AF70742}.Release|x86.ActiveCfg = Release|Win32
		{B12A3339-4C9E-4254-A2FF-19C47AF70742}.Release|x86.Build.0 = Release|Win32
		{5C4ACA2B-3B1B-467E-BD9C-B3350DEB00B8}.Debug|x64.ActiveCfg = Debug|x64
		{5C4ACA2B-3B1B-467E-BD9C-B3350DEB00B8}.Debug|x64.Build.0 = Debug|x64
		{5C4ACA2B-3B1B-467E-BD9C-B3350DEB00B8}.Debug|x86.ActiveCfg = Debug|Win32
		{5C4ACA2B-3B1B-467E-BD9C-B3350DEB00B8}.Debug|x86.Build.0 = Debug|Win32
		{5C4ACA2B-3B1B-467E-BD9C-B3350DEB00B8}.Release|x64.ActiveCfg = Release|x64
		{5C4ACA2B-3B1B-467E-BD9C-B3350DEB00B8}.Release|x64.Build.0 = Release|x64
		{5C4ACA2B-3B1B-467E-BD9C-B3350DEB00B8}.Release|x86.ActiveCfg = Release|Win32
		{5C4ACA2B-3B1B-467E-BD9C-B3350DEB00B8}.Release|x86.Build.0 = Release|Win32
		{64F50D9D-1528-43AA-9E49-AEC8D1DBCF4A}.Debug|x64.ActiveCfg = Debug|x64
		{64F50D9D-1528-43AA-9E49-AEC8D1DBCF4A}.Debug|x64.Build.0 = Debug|x64
		{64F50D9D-1528-43AA-9E49-AEC8D1DBCF4A}.Debug|x86.ActiveCfg = Debug|Win32
		{64F50D9D-1528-43AA-9E49-AEC8D1DBCF4A}.Debug|x86.Build.0 = Debug|Win32
		{64F50D9D-1528-43AA-9E49-AEC8D1DBCF4A}.Release|x64.ActiveCfg = Release|x64
		{64F50D9D-1528-43AA-9E49-AEC8D1DBCF4A}.Release|x64.Build.0 = Release|x64
		{64F50D9D-1528-43AA-9E49-AEC8D1DBCF4A}.Release|x86.ActiveCfg = Release|Win32
		{64F50D9D-1528-43AA-9E49-AEC8D1DBCF4A}.Release|x86.Build.0 = Release|Win32
		{C211E93E-1F28-4A5E-B91C-96469C0A8B42}.Debug|x64.ActiveCfg = Debug|x64
		{C211E93E-1F28-4A5E-B91C-96469C0A8B42}.Debug|x64.Build.0 = Debug|x64
		{C211E93E-1F28-4A5E-B91C-96469C0A8B42}.Debug|x86.ActiveCfg = Debug|Win32
		{C211E93E-1F28-4A5E-B91C-96469C0A8B42}.Debug|x86.Build.0 = Debug|Win32
		{C211E93E-1F28-4A5E-B91C-96469C0A8B42}.Release|x64.ActiveCfg = Release|x64
		{C211E93E-1F28-4A5E-B91C-96469C0A8B42}.Release|x64.Build.0 = Release|x64
		{C211E93E-1F28-4A5E-B91C-96469C0A8B42}.Release|x86.ActiveCfg = Release|Win32
		{C211E93E-1F28-4A5E-B91C-96469C0A8B42}.Release|x86.Build.0 = Release|Win32
		{4D184FFC-8EEE-4F09-B070-25BA4F76A9D1}.Debug|x64.ActiveCfg = Debug|x64
		{4D184FFC-8EEE-4F09-B070-25BA4F76A9D1}.Debug|x64.Build.0 = Debug|x64
		{4D184FFC-8EEE-4F09-B070-25BA4F76A9D1}.Debug|x86.ActiveCfg = Debug|Win32
		{4D184FFC-8EEE-4F09-B070-25BA4F76A9D1}.Debug|x86.Build.0 = Debug|Win32
		{4D184FFC-8EEE-4F09-B070-25BA4F76A9D1}.Release|x64.ActiveCfg = Release|x64
		{4D184FFC-8EEE-4F09-B070-25BA4F76A9D1}.Release|x64.Build.0 = Release|x64
		{4D184FFC-8EEE-4F09-B070-25BA4F76A9D1}.Release|x86.ActiveCfg = Release|Win32
		{4D184FFC-8EEE-4F09-B070-25BA4F76A9D1}.Release|x86.Build.0 = Release|Win32
		{4B62015B-6749-425B-ADFE-6CE7FCB9E8BE}.Debug|x64.ActiveCfg = Debug|x64
		{4B62015B-6749-425B-ADFE-6CE7FCB9E8BE}.Debug|x64.Build.0 = Debug|x64
		{4B62015B-6749-425B-ADFE-6CE7FCB9E8BE}.Debug|x86.ActiveCfg = Debug|Win32
		{4B62015B-6749-425B-ADFE-6CE7FCB9E8BE}.Debug|x86.Build.0 = Debug|Win32
		{4B62015B-6749-425B-ADFE-6CE7FCB9E8BE}.Release|x64.ActiveCfg = Release|x64
		{4B62015B-6749-425B-ADFE-6CE7FCB9E8BE}.Release|x64.Build.0 = Release|x64
		{4B62015B-6749-425B-ADFE-6CE7FCB9E8BE}.Release|x86.ActiveCfg = Release|Win32
		{4B62015B-6749-425B-ADFE-6CE7FCB9E8BE}.Release|x86.Build.0 = Release|Win32
		{0FD822CF-FA9F-4C86-B5D5-E5000ACA211F}.Debug|x64.ActiveCfg = Debug|x64
		{0FD822CF-FA9F-4C86-B5D5-E5000ACA211F}.Debug|x64.Build.0 = Debug|x64
		{0FD822CF-FA9F-4C86-B5D5-E5000ACA211F}.Debug|x86.ActiveCfg = Debug|Win32
		{0FD822CF-FA9F-4C86-B5D5-E5000ACA211F}.Debug|x86.Build.0 = Debug|Win32
		{0FD822CF-FA9F-4C86-B5D5-E5000ACA211F}.Release|x64.ActiveCfg = Release|x64
		{0FD822CF-FA9F-4C86-B5D5-E5000ACA211F}.Release|x64.Build.0 = Release|x64
		{0FD822CF-FA9F-4C86-B5D5-E5000ACA211F}.Release|x86.ActiveCfg = Release|Win32
		{0FD822CF-FA9F-4C86-B5D5-E5000ACA211F}.Release|x86.Build.0 = Release|Win32
		{2FD2F158-C6AC-400D-B7C4-408B3303AD7C}.Debug|x64.ActiveCfg = Debug|x64
		{2FD2F158-C6AC-400D-B7C4-408B3303AD7C}.Debug|x64.Build.0 = Debug|x64
		{2FD2F158-C6AC-400D-B7C4-408B3303AD7C}.Debug|x86.ActiveCfg = Debug|Win32
		{2FD2F158-C6AC-400D-B7C4-408B3303AD7C}.Debug|x86.Build.0 = Debug|Win32
		{2FD2F158-C6AC-400D-B7C4-408B3303AD7C}.Release|x64.ActiveCfg = Release|x64
		{2FD2F158-C6AC-400D-B7C4-408B3303AD7C}.Release|x64.Build.0 = Release|x64
		{2FD2F158-C6AC-400D-B7C4-408B3303AD7C}.Release|x86.ActiveCfg = Release|Win32
		{2FD2F158-C6AC-400D-B7C4-408B3303AD7C}.Release|x86.Build.0 = Release|Win32
		{E74D4298-460E-4111-9BC9-368F15F24276}.Debug|x64.ActiveCfg = Debug|x64
		{E74D4298-460E-4111-9BC9-368F15F24276}.Debug|x64.Build.0 = Debug|x64
		{E74D4298-460E-4111-9BC9-368F15F24276}.Debug|x86.ActiveCfg = Debug|Win32
		{E74D4298-460E-4111-9BC9-368F15F24276}.Debug|x86.Build.0 = Debug|Win32
		{E74D4298-460E-4111-9BC9-368F15F24276}.Release|x64.ActiveCfg = Release|x64
		{E74D4298-460E-4111-9BC9-368F15F24276}.Release|x64.Build.0 = Release|x64
		{E74D4298-460E-4111-9BC9-368F15F24276}.Release|x86.ActiveCfg = Release|Win32
		{E74D4298-460E-4111-9BC9-368F15F24276}.Release|x86.Build.0 = Release|Win32
		{A99D0024-4497-4CDB-811E-7430DC9821C6}.Debug|x64.ActiveCfg = Debug|x64
		{A99D0024-4497-4CDB-811E-7430DC9821C6}.Debug|x64.Build.0 = Debug|x64
		{A99D0024-4497-4CDB-811E-7430DC9821C6}.Debug|x86.ActiveCfg = Debug|Win32
		{A99D0024-4497-4CDB-811E-7430DC9821C6}.Debug|x86.Build.0 = Debug|Win32
		{A99D0024-4497-4CDB-811E-7430DC9821C6}.Release|x64.ActiveCfg = Release|x64
		{A99D0024-4497-4CDB-811E-7430DC9821C6}.Release|x64.Build.0 = Release|x64
		{A99D0024-4497-4CDB-811E-7430DC9821C6}.Release|x86.ActiveCfg = Release|Win32
		{A99D0024-4497-4CDB-811E-7430DC9821C6}.Release|x86.Build.0 = Release|Win32
		{A053CEDB-6941-4F41-8C57-7528D0D23973}.Debug|x64.ActiveCfg = Debug|x64
		{A053CEDB-6941-4F41-8C57-7528D0D23973}.Debug|x64.Build.0 = Debug|x64
		{A053CEDB-6941-4F41-8C57-7528D0D23973}.Debug|x86.ActiveCfg = Debug|Win32
		{A053CEDB-6941-4F41-8C57-7528D0D23973}.Debug|x86.Build.0 = Debug|Win32
		{A053CEDB-6941-4F41-8C57-7528D0D23973}.Release|x64.ActiveCfg = Release|x64
		{A053CEDB-6941-4F41-8C57-7528D0D23973}.Release|x64.Build.0 = Release|x64
		{A053CEDB-6941-4F41-8C57-7528D0D23973}.Release|x86.ActiveCfg = Release|Win32
		{A053CEDB-6941-4F41-8C57-7528D0D23973}.Release|x86.Build.0 = Release|Win32
		{36484B87-5596-47F4-80ED-39389B20F7D4}.Debug|x64.ActiveCfg = Debug|x64
		{36484B87-5596-47F4-80ED-39389B20F7D4}.Debug|x64.Build.0 = Debug|x64
		{36484B87-5596-47F4-80ED-39389B20F7D4}.Debug|x86.ActiveCfg = Debug|Win32
		{36484B87-5596-47F4-80ED-39389B20F7D4}.Debug|x86.Build.0 = Debug|Win32
		{36484B87-5596-47F4-80ED-39389B20F7D4}.Release|x64.ActiveCfg = Release|x64
		{36484B87-5596-47F4-80ED-39389B20F7D4}.Release|x64.Build.0 = Release|x64
		{36484B87-5596-47F4-80ED-39389B20F7D4}.Release|x86.ActiveCfg = Release|Win32
		{36484B87-5596-47F4-80ED-39389B20F7D4}.Release|x86.Build.0 = Release|Win32
		{DF196F44-48A8-490B-9859-94F550A554E2}.Debug|x64.ActiveCfg = Debug|x64
		{DF196F44-48A8-490B-9859-94F550A554E2}.Debug|x64.Build.0 = Debug|x64
		{DF196F44-48A8-490B-9859-94F550A554E2}.Debug|x86.ActiveCfg = Debug|Win32
		{DF196F44-48A8-490B-9859-94F550A554E2}.Debug|x86.Build.0 = Debug|Win32
		{DF196F44-48A8-490B-9859-94F550A554E2}.Release|x64.ActiveCfg = Release|x64
		{DF196F44-48A8-490B-9859-94F550A554E2}.Release|x64.Build.0 = Release|x64
		{DF196F44-48A8-490B-9859-94F550A554E2}.Release|x86.ActiveCfg = Release|Win32
		{DF196F44-48A8-490B-9859-94F550A554E2}.Release|x86.Build.0 = Release|Win32
		{0D1FF7FE-C8EF-440C-84AE-0A96D48184B4}.Debug|x64.ActiveCfg = Debug|x64
		{0D1FF7FE-C8EF-440C-84AE-0A96D48184B4}.Debug|x64.Build.0 = Debug|x64
		{0D1FF7FE-C8EF-440C-84AE-0A96D48184B4}.Debug|x86.ActiveCfg = Debug|Win32
		{0D1FF7FE-C8EF-440C-84AE-0A96D48184B4}.Debug|x86.Build.0 = Debug|Win32
		{0D1FF7FE-C8EF-440C-84AE-0A96D48184B4}.Release|x64.ActiveCfg = Release|x64
		{0D1FF7FE-C8EF-440C-84AE-0A96D48184B4}.Release|x64.Build.0 = Release|x64
		{0D1FF7FE-C8EF-440C-84AE-0A96D48184B4}.Release|x86.ActiveCfg = Release|Win32
		{0D1FF7FE-C8EF-440C-84AE-0A96D48184B4}.Release|x86.Build.0 = Release|Win32
		{36FC9C63-8C75-4CCB-8375-77F54A75637A}.Debug|x64.ActiveCfg = Debug|x64
		{36FC9C63-8C75-4CCB-8375-77F54A75637A}.Debug|x64.Build.0 = Debug|x64
		{36FC9C63-8C75-4CCB-8375-77F54A75637A}.Debug|x86.ActiveCfg = Debug|Win32
		{36FC9C63-8C75-4CCB-8375-77F54A75637A}.Debug|x86.Build.0 = Debug|Win32
		{36FC9C63-8C75-4CCB-8375-77F54A75637A}.Release|x64.ActiveCfg = Release|x64
		{36FC9C63-8C75-4CCB-8375-77F54A75637A}.Release|x64.Build.0 = Release|x64
		{36FC9C63-8C75-4CCB-8375-77F54A75637A}.Release|x86.ActiveCfg = Release|Win32
		{36FC9C63-8C75-4CCB-8375-77F54A75637A}.Release|x86.Build.0 = Release|Win32
		{52A7FD0D-F195-44AA-B8FF-2A5F6534FC24}.Debug|x64.ActiveCfg = Debug|x64
		{52A7FD0D-F195-44AA-B8FF-2A5F6534FC24}.Debug|x64.Build.0 = Debug|x64
		{52A7FD0D-F195-44AA-B8FF-2A5F6534FC24}.Debug|x86.ActiveCfg = Debug|Win32
		{52A7FD0D-F195-44AA-B8FF-2A5F6534FC24}.Debug|x86.Build.0 = Debug|Win32
		{52A7FD0D-F195-44AA-B8FF-2A5F6534FC24}.Release|x64.ActiveCfg = Release|x64
		{52A7FD0D-F195-44AA-B8FF-2A5F6534FC24}.Release|x64.Build.0 = Release|x64
		{52A7FD0D-F195-44AA-B8FF-2A5F6534FC24}.Release|x86.ActiveCfg = Release|Win32
		{52A7FD0D-F195-44AA-B8FF-2A5F6534FC24}.Release|x86.Build.0 = Release|Win32
		{D6BAB8A7-F377-40F6-8026-A844CB7FC5C2}.Debug|x64.ActiveCfg = Debug|x64
		{D6BAB8A7-F377-40F6-8026-A844CB7FC5C2}.Debug|x64.Build.0 = Debug|x64
		{D6BAB8A7-F377-40F6-8026-A844CB7FC5C2}.Debug|x86.ActiveCfg = Debug|Win32
		{D6BAB8A7-F377-40F6-8026-A844CB7FC5C2}.Debug|x86.Build.0 = Debug|Win32
		{D6BAB8A7-F377-40F6-8026-A844CB7FC5C2}.Release|x64.ActiveCfg = Release|x64
		{D6BAB8A7-F377-40F6-8026-A844CB7FC5C2}.Release|x64.Build.0 = Release|x64
		{D6BAB8A7-F377-40F6-8026-A844CB7FC5C2}.Release|x86.ActiveCfg = Release|Win32
		{D6BAB8A7-F377-40F6-8026-A844CB7FC5C2}.Release|x86.Build.0 = Release|Win32
		{8C2F09D9-C436-42B9-812C-11F7BF5B7680}.Debug|x64.ActiveCfg = Debug|x64
		{8C2F09D9-C436-42B9-812C-11F7BF5B7680}.Debug|x64.Build.0 = Debug|x64
		{8C2F09D9-C436-42B9-812C-11F7BF5B7680}.Debug|x86.ActiveCfg = Debug|Win32
		{8C2F09D9-C436-42B9-812C-11F7BF5B7680}.Debug|x86.Build.0 = Debug|Win32
		{8C2F09D9-C436-42B9-812C-11F7BF5B7680}.Release|x64.ActiveCfg = Release|x64
		{8C2F09D9-C436-42B9-812C-11F7BF5B7680}.Release|x64.Build.0 = Release|x64
		{8C2F09D9-C436-42B9-812C-11F7BF5B7680}.Release|x86.ActiveCfg = Release|Win32
		{8C2F09D9-C436-42B9-812C-11F7BF5B7680}.Release|x86.Build.0 = Release|Win32
		{70C6D618-A261-457B-882C-7941509702E1}.Debug|x64.ActiveCfg = Debug|x64
		{70C6D618-A261-457B-882C-7941509702E1}.Debug|x64.Build.0 = Debug|x64
		{70C6D618-A261-457B-882C-7941509702E1}.Debug|x86.ActiveCfg = Debug|Win32
		{70C6D618-A261-457B-882C-7941509702E1}.Debug|x86.Build.0 = Debug|Win32
		{70C6D618-A261-457B-882C-7941509702E1}.Release|x64.ActiveCfg = Release|x64
		{70C6D618-A261-457B-882C-7941509702E1}.Release|x64.Build.0 = Release|x64
		{70C6D618-A261-457B-882C-7941509702E1}.Release|x86.ActiveCfg = Release|Win32
		{70C6D618-A261-457B-882C-7941509702E1}.Release|x86.Build.0 = Release|Win32
		{B41A940D-2038-433B-BFF0-970C0FBBCC88}.Debug|x64.ActiveCfg = Debug|x64
		{B41A940D-2038-433B-BFF0-970C0FBBCC88}.Debug|x64.Build.0 = Debug|x64
		{B41A940D-2038-433B-BFF0-970C0FBBCC88}.Debug|x86.ActiveCfg = Debug|Win32
		{B41A940D-2038-433B-BFF0-970C0FBBCC88}.Debug|x86.Build.0 = Debug|Win32
		{B41A940D-2038-433B-BFF0-970C0FBBCC88}.Release|x64.ActiveCfg = Release|x64
		{B41A940D-2038-433B-BFF0-970C0FBBCC88}.Release|x64.Build.0 = Release|x64
		{B41A940D-2038-433B-BFF0-970C0FBBCC88}.Release|x86.ActiveCfg = Release|Win32
		{B41A940D-2038-433B-BFF0-970C0FBBCC88}.Release|x86.Build.0 = Release|Win32
		{5E3C02A1-B354-440B-B2E0-A8AE2A3F75D8}.Debug|x64.ActiveCfg = Debug|x64
		{5E3C02A1-B354-440B-B2E0-A8AE2A3F75D8}.Debug|x64.Build.0 = Debug|x64
		{5E3C02A1-B354-440B-B2E0-A8AE2A3F75D8}.Debug|x86.ActiveCfg = Debug|Win32
		{5E3C02A1-B354-440B-B2E0-A8AE2A3F75D8}.Debug|x86.Build.0 = Debug|Win32
		{5E3C02A1-B354-440B-B2E0-A8AE2A3F75D8}.Release|x64.ActiveCfg = Release|x64
		{5E3C02A1-B354-440B-B2E0-A8AE2A3F75D8}.Release|x64.Build.0 = Release|x64
		{5E3C02A1-B354-440B-B2E0-A8AE2A3F75D8}.Release|x86.ActiveCfg = Release|Win32
		{5E3C02A1-B354-440B-B2E0-A8AE2A3F75D8}.Release|x86.Build.0 = Release|Win32
		{AC756887-7AF9-4826-98A2-C340474BD890}.Debug|x64.ActiveCfg = Debug|x64
		{AC756887-7AF9-4826-98A2-C340474BD890}.Debug|x64.Build.0 = Debug|x64
		{AC756887-7AF9-4826-98A2-C340474BD890}.Debug|x86.ActiveCfg = Debug|Win32
		{AC756887-7AF9-4826-98A2-C340474BD890}.Debug|x86.Build.0 = Debug|Win32
		{AC756887-7AF9-4826-98A2-C340474BD890}.Release|x64.ActiveCfg = Release|x64
		{AC756887-7AF9-4826-98A2-C340474BD890}.Release|x64.Build.0 = Release|x64
		{AC756887-7AF9-4826-98A2-C340474BD890}.Release|x86.ActiveCfg = Release|Win32
		{AC756887-7AF9-4826-98A2-C340474BD890}.Release|x86.Build.0 = Release|Win32
		{F3A9CB2A-AEC4-4323-8444-A34FD9856CD6}.Debug|x64.ActiveCfg = Debug|x64
		{F3A9CB2A-AEC4-4323-8444-A34FD9856CD6}.Debug|x64.Build.0 = Debug|x64
		{F3A9CB2A-AEC4-4323-8444-A34FD9856CD6}.Debug|x86.ActiveCfg = Debug|Win32
		{F3A9CB2A-AEC4-4323-8444-A34FD9856CD6}.Debug|x86.Build.0 = Debug|Win32
		{F3A9CB2A-AEC4-4323-8444-A34FD9856CD6}.Release|x64.ActiveCfg = Release|x64
		{F3A9CB2A-AEC4-4323-8444-A34FD9856CD6}.Release|x64.Build.0 = Release|x64
		{F3A9CB2A-AEC4-4323-8444-A34FD9856CD6}.Release|x86.ActiveCfg = Release|Win32
		{F3A9CB2A-AEC4-4323-8444-A34FD9856CD6}.Release|x86.Build.0 = Release|Win32
		{295E8817-9F84-455D-A6AC-C423B4FBE6C0}.Debug|x64.ActiveCfg = Debug|x64
		{295E8817-9F84-455D-A6AC-C423B4FBE6C0}.Debug|x64.Build.0 = Debug|x64
		{295E8817-9F84-455D-A6AC-C423B4FBE6C0}.Debug|x86.ActiveCfg = Debug|Win32
		{295E8817-9F84-455D-A6AC-C423B4FBE6C0}.Debug|x86.Build.0 = Debug|Win32
		{295E8817-9F84-455D-A6AC-C423B4FBE6C0}.Release|x64.ActiveCfg = Release|x64
		{295E8817-9F84-455D-A6AC-C423B4FBE6C0}.Release|x64.Build.0 = Release|x64
		{295E8817-9F84-455D-A6AC-C423B4FBE6C0}.Release|x86.ActiveCfg = Release|Win32
		{295E8817-9F84-455D-A6AC-C423B4FBE6C0}.Release|x86.Build.0 = Release|Win32
		{AC3D792B-AA52-4FF1-BE28-AEA8DCED8A31}.Debug|x64.ActiveCfg = Debug|x64
		{AC3D792B-AA52-4FF1-BE28-AEA8DCED8A31}.Debug|x64.Build.0 = Debug|x64
		{AC3D792B-AA52-4FF1-BE28-AEA8DCED8A31}.Debug|x86.ActiveCfg = Debug|Win32
		{AC3D792B-AA52-4FF1-BE28-AEA8DCED8A31}.Debug|x86.Build.0 = Debug|Win32
		{AC3D792B-AA52-4FF1-BE28-AEA8DCED8A31}.Release|x64.ActiveCfg = Release|x64
		{AC3D792B-AA52-4FF1-BE28-AEA8DCED8A31}.Release|x64.Build.0 = Release|x64
		{AC3D792B-AA52-4FF1-BE28-AEA8DCED8A31}.Release|x86.ActiveCfg = Release|Win32
		{AC3D792B-AA52-4FF1-BE28-AEA8DCED8A31}.Release|x86.Build.0 = Release|Win32
		{86F32DF2-EA83-49B4-8077-BC5A6F6AE0EE}.Debug|x64.ActiveCfg = Debug|x64
		{86F32DF2-EA83-49B4-8077-BC5A6F6AE0EE}.Debug|x64.Build.0 = Debug|x64
		{86F32DF2-EA83-49B4-8077-BC5A6F6AE0EE}.Debug|x86.ActiveCfg = Debug|Win32
		{86F32DF2-EA83-49B4-8077-BC5A6F6AE0EE}.Debug|x86.Build.0 = Debug|Win32
		{86F32DF2-EA83-49B4-8077-BC5A6F6AE0EE}.Release|x64.ActiveCfg = Release|x64
		{86F32DF2-EA83-49B4-8077-BC5A6F6AE0EE}.Release|x64.Build.0 = Release|x64
		{86F32DF2-EA83-49B4-8077-BC5A6F6AE0EE}.Release|x86.ActiveCfg = Release|Win32
		{86F32DF2-EA83-49B4-8077-BC5A6F6AE0EE}.Release|x86.Build.0 = Release|Win32
		{6B651339-8020-4707-A4A6-8D0DD961EB69}.Debug|x64.ActiveCfg = Debug|x64
		{6B651339-8020-4707-A4A6-8D0DD961EB69}.Debug|x64.Build.0 = Debug|x64
		{6B651339-8020-4707-A4A6-8D0DD961EB69}.Debug|x86.ActiveCfg = Debug|Win32
		{6B651339-8020-4707-A4A6-8D0DD961EB69}.Debug|x86.Build.0 = Debug|Win32
		{6B651339-8020-4707-A4A6-8D0DD961EB69}.Release|x64.ActiveCfg = Release|x64
		{6B651339-8020-4707-A4A6-8D0DD961EB69}.Release|x64.Build.0 = Release|x64
		{6B651339-8020-4707-A4A6-8D0DD961EB69}.Release|x86.ActiveCfg = Release|Win32
		{6B651339-8020-4707-A4A6-8D0DD961EB69}.Release|x86.Build.0 = Release|Win32
		{E42BF080-91D8-4953-B329-6C66FA2EDCCB}.Debug|x64.ActiveCfg = Debug|x64
		{E42BF080-91D8-4953-B329-6C66FA2EDCCB}.Debug|x64.Build.0 = Debug|x64
		{E42BF080-91D8-4953-B329-6C66FA2EDCCB}.Debug|x86.ActiveCfg = Debug|Win32
		{E42BF080-91D8-4953-B329-6C66FA2EDCCB}.Debug|x86.Build.0 = Debug|Win32
		{E42BF080-91D8-4953-B329-6C66FA2EDCCB}.Release|x64.ActiveCfg = Release|x64
		{E42BF080-91D8-4953-B329-6C66FA2EDCCB}.Release|x64.Build.0 = Release|x64
		{E42BF080-91D8-4953-B329-6C66FA2EDCCB}.Release|x86.ActiveCfg = Release|Win32
		{E42BF080-91D8-4953-B329-6C66FA2EDCCB}.Release|x86.Build.0 = Release|Win32
		{0591B5F0-CB90-404C-92EA-CC91A9E23183}.Debug|x64.ActiveCfg = Debug|x64
		{0591B5F0-CB90-404C-92EA-CC91A9E23183}.Debug|x64.Build.0 = Debug|x64
		{0591B5F0-CB90-404C-92EA-CC91A9E23183}.Debug|x86.ActiveCfg = Debug|Win32
		{0591B5F0-CB90-404C-92EA-CC91A9E23183}.Debug|x86.Build.0 = Debug|Win32
		{0591B5F0-CB90-404C-92EA-CC91A9E23183}.Release|x64.ActiveCfg = Release|x64
		{0591B5F0-CB90-404C-92EA-CC91A9E23183}.Release|x64.Build.0 = Release|x64
		{0591B5F0-CB90-404C-92EA-CC91A9E23183}.Release|x86.ActiveCfg = Release|Win32
		{0591B5F0-CB90-404C-92EA-CC91A9E23183}.Release|x86.Build.0 = Release|Win32
		{B86653EC-AE72-4623-A5CD-C2BDF40DF1E4}.Debug|x64.ActiveCfg = Debug|x64
		{B86653EC-AE72-4623-A5CD-C2BDF40DF1E4}.Debug|x64.Build.0 = Debug|x64
		{B86653EC-AE72-4623-A5CD-C2BDF40DF1E4}.Debug|x86.ActiveCfg = Debug|Win32
		{B86653EC-AE72-4623-A5CD-C2BDF40DF1E4}.Debug|x86.Build.0 = Debug|Win32
		{B86653EC-AE72-4623-A5CD-C2BDF40DF1E4}.Release|x64.ActiveCfg = Release|x64
		{B86653EC-AE72-4623-A5CD-C2BDF40DF1E4}.Release|x64.Build.0 = Release|x64
		{B86653EC-AE72-4623-A5CD-C2BDF40DF1E4}.Release|x86.ActiveCfg = Release|Win32
		{B86653EC-AE72-4623-A5CD-C2BDF40DF1E4}.Release|x86.Build.0 = Release|Win32
		{DCDD90E2-DA88-4628-83DF-02775DE4F9AE}.Debug|x64.ActiveCfg = Debug|x64
		{DCDD90E2-DA88-4628-83DF-02775DE4F9AE}.Debug|x64.Build.0 = Debug|x64
		{DCDD90E2-DA88-4628-83DF-02775DE4F9AE}.Debug|x86.ActiveCfg = Debug|Win32
		{DCDD90E2-DA88-4628-83DF-02775DE4F9AE}.Debug|x86.Build.0 = Debug|Win32
		{DCDD90E2-DA88-4628-83DF-02775DE4F9AE}.Release|x64.ActiveCfg = Release|x64
		{DCDD90E2-DA88-4628-83DF-02775DE4F9AE}.Release|x64.Build.0 = Release|x64
		{DCDD90E2-DA88-4628-83DF-02775DE4F9AE}.Release|x86.ActiveCfg = Release|Win32
		{DCDD90E2-DA88-4628-83DF-02775DE4F9AE}.Release|x86.Build.0 = Release|Win32
		{C9771479-A7E3-43F0-AC00-D4F2FA8FD8B1}.Debug|x64.ActiveCfg = Debug|x64
		{C9771479-A7E3-43F0-AC00-D4F2FA8FD8B1}.Debug|x64.Build.0 = Debug|x64
		{C9771479-A7E3-43F0-AC00-D4F2FA8FD8B1}.Debug|x86.ActiveCfg = Debug|Win32
		{C9771479-A7E3-43F0-AC00-D4F2FA8FD8B1}.Debug|x86.Build.0 = Debug|Win32
		{C9771479-A7E3-43F0-AC00-D4F2FA8FD8B1}.Release|x64.ActiveCfg = Release|x64
		{C9771479-A7E3-43F0-AC00-D4F2FA8FD8B1}.Release|x64.Build.0 = Release|x64
		{C9771479-A7E3-43F0-AC00-D4F2FA8FD8B1}.Release|x86.ActiveCfg = Release|Win32
		{C9771479-A7E3-43F0-AC00-D4F2FA8FD8B1}.Release|x86.Build.0 = Release|Win32
		{3385EF7C-5AD2-4BAA-8BA5-187C8DB2281B}.Debug|x64.ActiveCfg = Debug|x64
		{3385EF7C-5AD2-4BAA-8BA5-187C8DB2281B}.Debug|x64.Build.0 = Debug|x64
		{3385EF7C-5AD2-4BAA-8BA5-187C8DB2281B}.Debug|x86.ActiveCfg = Debug|Win32
		{3385EF7C-5AD2-4BAA-8BA5-187C8DB2281B}.Debug|x86.Build.0 = Debug|Win32
		{3385EF7C-5AD2-4BAA-8BA5-187C8DB2281B}.Release|x64.ActiveCfg = Release|x64
		{3385EF7C-5AD2-4BAA-8BA5-187C8DB2281B}.Release|x64.Build.0 = Release|x64
		{3385EF7C-5AD2-4BAA-8BA5-187C8DB2281B}.Release|x86.ActiveCfg = Release|Win32
		{3385EF7C-5AD2-4BAA-8BA5-187C8DB2281B}.Release|x86.Build.0 = Release|Win32
		{0F30E14E-71C8-49AF-B844-ECA7F0084709}.Debug|x64.ActiveCfg = Debug|x64
		{0F30E14E-71C8-49AF-B844-ECA7F0084709}.Debug|x64.Build.0 = Debug|x64
		{0F30E14E-71C8-49AF-B844-ECA7F0084709}.Debug|x86.ActiveCfg = Debug|Win32
		{0F30E14E-71C8-49AF-B844-ECA7F0084709}.Debug|x86.Build.0 = Debug|Win32
		{0F30E14E-71C8-49AF-B844-ECA7F0084709}.Release|x64.ActiveCfg = Release|x64
		{0F30E14E-71C8-49AF-B844-ECA7F0084709}.Release|x64.Build.0 = Release|x64
		{0F30E14E-71C8-49AF-B844-ECA7F0084709}.Release|x86.ActiveCfg = Release|Win32
		{0F30E14E-71C8-49AF-B844-ECA7F0084709}.Release|x86.Build.0 = Release|Win32
		{FC5FF851-1B8E-4CD3-A4EB-E080C24E7CE5}.Debug|x64.ActiveCfg = Debug|x64
		{FC5FF851-1B8E-4CD3-A4EB-E080C24E7CE5}.Debug|x64.Build.0 = Debug|x64
		{FC5FF851-1B8E-4CD3-A4EB-E080C24E7CE5}.Debug|x86.ActiveCfg = Debug|Win32
		{FC5FF851-1B8E-4CD3-A4EB-E080C24E7CE5}.Debug|x86.Build.0 = Debug|Win32
		{FC5FF851-1B8E-4CD3-A4EB-E080C24E7CE5}.Release|x64.ActiveCfg = Release|x64
		{FC5FF851-1B8E-4CD3-A4EB-E080C24E7CE5}.Release|x64.Build.0 = Release|x64
		{FC5FF851-1B8E-4CD3-A4EB-E080C24E7CE5}.Release|x86.ActiveCfg = Release|Win32
		{FC5FF851-1B8E-4CD3-A4EB-E080C24E7CE5}.Release|x86.Build.0 = Release|Win32
		{86C63EFD-C747-45A8-8AB8-0466A145FEF9}.Debug|x64.ActiveCfg = Debug|x64
		{86C63EFD-C747-45A8-8AB8-0466A145FEF9}.Debug|x64.Build.0 = Debug|x64
		{86C63EFD-C747-45A8-8AB8-0466A145FEF9}.Debug|x86.ActiveCfg = Debug|Win32
		{86C63EFD-C747-45A8-8AB8-0466A145FEF9}.Debug|x86.Build.0 = Debug|Win32
		{86C63EFD-C747-45A8-8AB8-0466A145FEF9}.Release|x64.ActiveCfg = Release|x64
		{86C63EFD-C747-45A8-8AB8-0466A145FEF9}.Release|x64.Build.0 = Release|x64
		{86C63EFD-C747-45A8-8AB8-0466A145FEF9}.Release|x86.ActiveCfg = Release|Win32
		{86C63EFD-C747-45A8-8AB8-0466A145FEF9}.Release|x86.Build.0 = Release|Win32
		{503315E7-C2DA-4310-8993-4BC0B73752AC}.Debug|x64.ActiveCfg = Debug|x64
		{503315E7-C2DA-4310-8993-4BC0B73752AC}.Debug|x64.Build.0 = Debug|x64
		{503315E7-C2DA-4310-8993-4BC0B73752AC}.Debug|x86.ActiveCfg = Debug|Win32
		{503315E7-C2DA-4310-8993-4BC0B73752AC}.Debug|x86.Build.0 = Debug|Win32
		{503315E7-C2DA-4310-8993-4BC0B73752AC}.Release|x64.ActiveCfg = Release|x64
		{503315E7-C2DA-4310-8993-4BC0B73752AC}.Release|x64.Build.0 = Release|x64
		{503315E7-C2DA-4310-8993-4BC0B73752AC}.Release|x86.ActiveCfg = Release|Win32
		{503315E7-C2DA-4310-8993-4BC0B73752AC}.Release|x86.Build.0 = Release|Win32
		{F39D9F99-30FC-4EDA-97F7-45565D23FB24}.Debug|x64.ActiveCfg = Debug|x64
		{F39D9F99-30FC-4EDA-97F7-45565D23FB24}.Debug|x64.Build.0 = Debug|x64
		{F39D9F99-30FC-4EDA-97F7-45565D23FB24}.Debug|x86.ActiveCfg = Debug|Win32
		{F39D9F99-30FC-4EDA-97F7-45565D23FB24}.Debug|x86.Build.0 = Debug|Win32
		{F39D9F99-30FC-4EDA-97F7-45565D23FB24}.Release|x64.ActiveCfg = Release|x64
		{F39D9F99-30FC-4EDA-97F7-45565D23FB24}.Release|x64.Build.0 = Release|x64
		{F39D9F99-30FC-4EDA-97F7-45565D23FB24}.Release|x86.ActiveCfg = Release|Win32
		{F39D9F99-30FC-4EDA-97F7-45565D23FB24}.Release|x86.Build.0 = Release|Win32
		{04956588-6EF6-4181-BFF4-F5FC2ADF5B96}.Debug|x64.ActiveCfg = Debug|x64
		{04956588-6EF6-4181-BFF4-F5FC2ADF5B96}.Debug|x64.Build.0 = Debug|x64
		{04956588-6EF6-4181-BFF4-F5FC2ADF5B96}.Debug|x86.ActiveCfg = Debug|Win32
		{04956588-6EF6-4181-BFF4-F5FC2ADF5B96}.Debug|x86.Build.0 = Debug|Win32
		{04956588-6EF6-4181-BFF4-F5FC2ADF5B96}.Release|x64.ActiveCfg = Release|x64
		{04956588-6EF6-4181-BFF4-F5FC2ADF5B96}.Release|x64.Build.0 = Release|x64
		{04956588-6EF6-4181-BFF4-F5FC2ADF5B96}.Release|x86.ActiveCfg = Release|Win32
		{04956588-6EF6-4181-BFF4-F5FC2ADF5B96}.Release|x86.Build.0 = Release|Win32
		{71CDB697-4952-4195-A6DF-912072E5EAC1}.Debug|x64.ActiveCfg = Debug|x64
		{71CDB697-4952-4195-A6DF-912072E5EAC1}.Debug|x64.Build.0 = Debug|x64
		{71CDB697-4952-4195-A6DF-912072E5EAC1}.Debug|x86.ActiveCfg = Debug|Win32
		{71CDB697-4952-4195-A6DF-912072E5EAC1}.Debug|x86.Build.0 = Debug|Win32
		{71CDB697-4952-4195-A6DF-912072E5EAC1}.Release|x64.ActiveCfg = Release|x64
		{71CDB697-4952-4195-A6DF-912072E5EAC1}.Release|x64.Build.0 = Release|x64
		{71CDB697-4952-4195-A6DF-912072E5EAC1}.Release|x86.ActiveCfg = Release|Win32
		{71CDB697-4952-4195-A6DF-912072E5EAC1}.Release|x86.Build.0 = Release|Win32
		{7D2D08B8-83ED-4F20-BC3C-13CD3FE00895}.Debug|x64.ActiveCfg = Debug|x64
		{7D2D08B8-83ED-4F20-BC3C-13CD3FE00895}.Debug|x64.Build.0 = Debug|x64
		{7D2D08B8-83ED-4F20-BC3C-13CD3FE00895}.Debug|x86.ActiveCfg = Debug|Win32
		{7D2D08B8-83ED-4F20-BC3C-13CD3FE00895}.Debug|x86.Build.0 = Debug|Win32
		{7D2D08B8-83ED-4F20-BC3C-13CD3FE00895}.Release|x64.ActiveCfg = Release|x64
		{7D2D08B8-83ED-4F20-BC3C-13CD3FE00895}.Release|x64.Build.0 = Release|x64
		{7D2D08B8-83ED-4F20-BC3C-13CD3FE00895}.Release|x86.ActiveCfg = Release|Win32
		{7D2D08B8-83ED-4F20-BC3C-13CD3FE00895}.Release|x86.Build.0 = Release|Win32
		{3E23A46D-4339-4D38-82AB-FB25C000BF85}.Debug|x64.ActiveCfg = Debug|x64
		{3E23A46D-4339-4D38-82AB-FB25C000BF85}.Debug|x64.Build.0 = Debug|x64
		{3E23A46D-4339-4D38-82AB-FB25C000BF85}.Debug|x86.ActiveCfg = Debug|Win32
		{3E23A46D-4339-4D38-82AB-FB25C000BF85}.Debug|x86.Build.0 = Debug|Win32
		{3E23A46D-4339-4D38-82AB-FB25C000BF85}.Release|x64.ActiveCfg = Release|x64
		{3E23A46D-4339-4D38-82AB-FB25C000BF85}.Release|x64.Build.0 = Release|x64
		{3E23A46D-4339-4D38-82AB-FB25C000BF85}.Release|x86.ActiveCfg = Release|Win32
		{3E23A46D-4339-4D38-82AB-FB25C000BF85}.Release|x86.Build.0 = Release|Win32
		{ED963607-863E-423E-9D8C-9A62F029DA3B}.Debug|x64.ActiveCfg = Debug|x64
		{ED963607-863E-423E-9D8C-9A62F029DA3B}.Debug|x64.Build.0 = Debug|x64
		{ED963607-863E-423E-9D8C-9A62F029DA3B}.Debug|x86.ActiveCfg = Debug|Win32
		{ED963607-863E-423E-9D8C-9A62F029DA3B}.Debug|x86.Build.0 = Debug|Win32
		{ED963607-863E-423E-9D8C-9A62F029DA3B}.Release|x64.ActiveCfg = Release|x64
		{ED963607-863E-423E-9D8C-9A62F029DA3B}.Release|x64.Build.0 = Release|x64
		{ED963607-863E-423E-9D8C-9A62F029DA3B}.Release|x86.ActiveCfg = Release|Win32
		{ED963607-863E-423E-9D8C-9A62F029DA3B}.Release|x86.Build.0 = Release|Win32
		{30F4532F-4CEA-4542-AF87-C70A4D1D5B9A}.Debug|x64.ActiveCfg = Debug|x64
		{30F4532F-4CEA-4542-AF87-C70A4D1D5B9A}.Debug|x64.Build.0 = Debug|x64
		{30F4532F-4CEA-4542-AF87-C70A4D1D5B9A}.Debug|x86.ActiveCfg = Debug|Win32
		{30F4532F-4CEA-4542-AF87-C70A4D1D5B9A}.Debug|x86.Build.0 = Debug|Win32
		{30F4532F-4CEA-4542-AF87-C70A4D1D5B9A}.Release|x64.ActiveCfg = Release|x64
		{30F4532F-4CEA-4542-AF87-C70A4D1D5B9A}.Release|x64.Build.0 = Release|x64
		{30F4532F-4CEA-4542-AF87-C70A4D1D5B9A}.Release|x86.ActiveCfg = Release|Win32
		{30F4532F-4CEA-4542-AF87-C70A4D1D5B9A}.Release|x86.Build.0 = Release|Win32
	EndGlobalSection
	GlobalSection(SolutionProperties) = preSolution
		HideSolutionNode = FALSE
	EndGlobalSection
	GlobalSection(ExtensibilityGlobals) = postSolution
		SolutionGuid = {50176232-FAB5-4254-A12A-E323E44FE6FC}
	EndGlobalSection
EndGlobal
